
Microsoft Visual Studio Solution File, Format Version 12.00
# Visual Studio 15
VisualStudioVersion = 15.0.28307.489
MinimumVisualStudioVersion = 10.0.40219.1
Project("{FAE04EC0-301F-11D3-BF4B-00C04F79EFBC}") = "WpfApp1", "WpfApp1\WpfApp1.csproj", "{B8DB9F3D-6BC1-47AE-98DF-58BF49A2DCAB}"
EndProject
Project("{FAE04EC0-301F-11D3-BF4B-00C04F79EFBC}") = "WpfApp2", "WpfApp2\WpfApp2.csproj", "{3719B06C-ED54-41EB-B429-169F132F6860}"
EndProject
Project("{FAE04EC0-301F-11D3-BF4B-00C04F79EFBC}") = "WpfApp3", "WpfApp3\WpfApp3.csproj", "{C45726AD-27D1-4C44-BE72-CCC21EB31413}"
EndProject
Project("{FAE04EC0-301F-11D3-BF4B-00C04F79EFBC}") = "WpfApp4", "WpfApp4\WpfApp4.csproj", "{70C86E10-C2F9-42B1-A95C-34FD5C1A8EC5}"
EndProject
Project("{FAE04EC0-301F-11D3-BF4B-00C04F79EFBC}") = "WpfApp5", "WpfApp5\WpfApp5.csproj", "{70E03B69-2CDA-48E1-AF4D-A81F2E1DDCE1}"
EndProject
Project("{FAE04EC0-301F-11D3-BF4B-00C04F79EFBC}") = "WpfApp6", "WpfApp6\WpfApp6.csproj", "{0FE755CC-8B96-4438-ABB9-613E662948F1}"
EndProject
Project("{FAE04EC0-301F-11D3-BF4B-00C04F79EFBC}") = "WpfApp7", "WpfApp7\WpfApp7.csproj", "{856DF606-FD82-4226-A074-240A3FF88B6E}"
EndProject
Project("{FAE04EC0-301F-11D3-BF4B-00C04F79EFBC}") = "WpfApp8", "WpfApp8\WpfApp8.csproj", "{DEB3B5DE-AC68-4216-BD01-5B03E3A17115}"
EndProject
Project("{FAE04EC0-301F-11D3-BF4B-00C04F79EFBC}") = "WpfApp9", "WpfApp9\WpfApp9.csproj", "{ACD0E169-59E9-4839-B6C8-CC54F29BA6D0}"
EndProject
Global
	GlobalSection(SolutionConfigurationPlatforms) = preSolution
		Debug|Any CPU = Debug|Any CPU
		Release|Any CPU = Release|Any CPU
	EndGlobalSection
	GlobalSection(ProjectConfigurationPlatforms) = postSolution
		{B8DB9F3D-6BC1-47AE-98DF-58BF49A2DCAB}.Debug|Any CPU.ActiveCfg = Debug|Any CPU
		{B8DB9F3D-6BC1-47AE-98DF-58BF49A2DCAB}.Debug|Any CPU.Build.0 = Debug|Any CPU
		{B8DB9F3D-6BC1-47AE-98DF-58BF49A2DCAB}.Release|Any CPU.ActiveCfg = Release|Any CPU
		{B8DB9F3D-6BC1-47AE-98DF-58BF49A2DCAB}.Release|Any CPU.Build.0 = Release|Any CPU
		{3719B06C-ED54-41EB-B429-169F132F6860}.Debug|Any CPU.ActiveCfg = Debug|Any CPU
		{3719B06C-ED54-41EB-B429-169F132F6860}.Debug|Any CPU.Build.0 = Debug|Any CPU
		{3719B06C-ED54-41EB-B429-169F132F6860}.Release|Any CPU.ActiveCfg = Release|Any CPU
		{3719B06C-ED54-41EB-B429-169F132F6860}.Release|Any CPU.Build.0 = Release|Any CPU
		{C45726AD-27D1-4C44-BE72-CCC21EB31413}.Debug|Any CPU.ActiveCfg = Debug|Any CPU
		{C45726AD-27D1-4C44-BE72-CCC21EB31413}.Debug|Any CPU.Build.0 = Debug|Any CPU
		{C45726AD-27D1-4C44-BE72-CCC21EB31413}.Release|Any CPU.ActiveCfg = Release|Any CPU
		{C45726AD-27D1-4C44-BE72-CCC21EB31413}.Release|Any CPU.Build.0 = Release|Any CPU
		{70C86E10-C2F9-42B1-A95C-34FD5C1A8EC5}.Debug|Any CPU.ActiveCfg = Debug|Any CPU
		{70C86E10-C2F9-42B1-A95C-34FD5C1A8EC5}.Debug|Any CPU.Build.0 = Debug|Any CPU
		{70C86E10-C2F9-42B1-A95C-34FD5C1A8EC5}.Release|Any CPU.ActiveCfg = Release|Any CPU
		{70C86E10-C2F9-42B1-A95C-34FD5C1A8EC5}.Release|Any CPU.Build.0 = Release|Any CPU
		{70E03B69-2CDA-48E1-AF4D-A81F2E1DDCE1}.Debug|Any CPU.ActiveCfg = Debug|Any CPU
		{70E03B69-2CDA-48E1-AF4D-A81F2E1DDCE1}.Debug|Any CPU.Build.0 = Debug|Any CPU
		{70E03B69-2CDA-48E1-AF4D-A81F2E1DDCE1}.Release|Any CPU.ActiveCfg = Release|Any CPU
		{70E03B69-2CDA-48E1-AF4D-A81F2E1DDCE1}.Release|Any CPU.Build.0 = Release|Any CPU
		{0FE755CC-8B96-4438-ABB9-613E662948F1}.Debug|Any CPU.ActiveCfg = Debug|Any CPU
		{0FE755CC-8B96-4438-ABB9-613E662948F1}.Debug|Any CPU.Build.0 = Debug|Any CPU
		{0FE755CC-8B96-4438-ABB9-613E662948F1}.Release|Any CPU.ActiveCfg = Release|Any CPU
		{0FE755CC-8B96-4438-ABB9-613E662948F1}.Release|Any CPU.Build.0 = Release|Any CPU
		{856DF606-FD82-4226-A074-240A3FF88B6E}.Debug|Any CPU.ActiveCfg = Debug|Any CPU
		{856DF606-FD82-4226-A074-240A3FF88B6E}.Debug|Any CPU.Build.0 = Debug|Any CPU
		{856DF606-FD82-4226-A074-240A3FF88B6E}.Release|Any CPU.ActiveCfg = Release|Any CPU
		{856DF606-FD82-4226-A074-240A3FF88B6E}.Release|Any CPU.Build.0 = Release|Any CPU
		{DEB3B5DE-AC68-4216-BD01-5B03E3A17115}.Debug|Any CPU.ActiveCfg = Debug|Any CPU
		{DEB3B5DE-AC68-4216-BD01-5B03E3A17115}.Debug|Any CPU.Build.0 = Debug|Any CPU
		{DEB3B5DE-AC68-4216-BD01-5B03E3A17115}.Release|Any CPU.ActiveCfg = Release|Any CPU
		{DEB3B5DE-AC68-4216-BD01-5B03E3A17115}.Release|Any CPU.Build.0 = Release|Any CPU
		{ACD0E169-59E9-4839-B6C8-CC54F29BA6D0}.Debug|Any CPU.ActiveCfg = Debug|Any CPU
		{ACD0E169-59E9-4839-B6C8-CC54F29BA6D0}.Debug|Any CPU.Build.0 = Debug|Any CPU
		{ACD0E169-59E9-4839-B6C8-CC54F29BA6D0}.Release|Any CPU.ActiveCfg = Release|Any CPU
		{ACD0E169-59E9-4839-B6C8-CC54F29BA6D0}.Release|Any CPU.Build.0 = Release|Any CPU
	EndGlobalSection
	GlobalSection(SolutionProperties) = preSolution
		HideSolutionNode = FALSE
	EndGlobalSection
	GlobalSection(ExtensibilityGlobals) = postSolution
		SolutionGuid = {9B265F13-698F-4908-BA5C-CCFCA82810E0}
	EndGlobalSection
EndGlobal
